// !$*UTF8*$!
{
	archiveVersion = 1;
	classes = {
	};
	objectVersion = 46;
	objects = {

/* Begin PBXBuildFile section */
		27C9929D1513CD0A00134440 /* Foundation.framework in Frameworks */ = {isa = PBXBuildFile; fileRef = 27C9929C1513CD0A00134440 /* Foundation.framework */; };
		27C992A01513CD0A00134440 /* main.m in Sources */ = {isa = PBXBuildFile; fileRef = 27C9929F1513CD0A00134440 /* main.m */; };
		27C992A41513CD0A00134440 /* GuardXcodeTest.1 in CopyFiles */ = {isa = PBXBuildFile; fileRef = 27C992A31513CD0A00134440 /* GuardXcodeTest.1 */; };
/* End PBXBuildFile section */

/* Begin PBXCopyFilesBuildPhase section */
		27C992961513CD0A00134440 /* CopyFiles */ = {
			isa = PBXCopyFilesBuildPhase;
			buildActionMask = 2147483647;
			dstPath = /usr/share/man/man1/;
			dstSubfolderSpec = 0;
			files = (
				27C992A41513CD0A00134440 /* GuardXcodeTest.1 in CopyFiles */,
			);
			runOnlyForDeploymentPostprocessing = 1;
		};
/* End PBXCopyFilesBuildPhase section */

/* Begin PBXFileReference section */
		27C992981513CD0A00134440 /* GuardXcodeTest */ = {isa = PBXFileReference; explicitFileType = "compiled.mach-o.executable"; includeInIndex = 0; path = GuardXcodeTest; sourceTree = BUILT_PRODUCTS_DIR; };
		27C9929C1513CD0A00134440 /* Foundation.framework */ = {isa = PBXFileReference; lastKnownFileType = wrapper.framework; name = Foundation.framework; path = System/Library/Frameworks/Foundation.framework; sourceTree = SDKROOT; };
		27C9929F1513CD0A00134440 /* main.m */ = {isa = PBXFileReference; lastKnownFileType = sourcecode.c.objc; path = main.m; sourceTree = "<group>"; };
		27C992A21513CD0A00134440 /* GuardXcodeTest-Prefix.pch */ = {isa = PBXFileReference; lastKnownFileType = sourcecode.c.h; path = "GuardXcodeTest-Prefix.pch"; sourceTree = "<group>"; };
		27C992A31513CD0A00134440 /* GuardXcodeTest.1 */ = {isa = PBXFileReference; lastKnownFileType = text.man; path = GuardXcodeTest.1; sourceTree = "<group>"; };
/* End PBXFileReference section */

/* Begin PBXFrameworksBuildPhase section */
		27C992951513CD0A00134440 /* Frameworks */ = {
			isa = PBXFrameworksBuildPhase;
			buildActionMask = 2147483647;
			files = (
				27C9929D1513CD0A00134440 /* Foundation.framework in Frameworks */,
			);
			runOnlyForDeploymentPostprocessing = 0;
		};
/* End PBXFrameworksBuildPhase section */

/* Begin PBXGroup section */
		27C9928D1513CD0A00134440 = {
			isa = PBXGroup;
			children = (
				27C9929E1513CD0A00134440 /* GuardXcodeTest */,
				27C9929B1513CD0A00134440 /* Frameworks */,
				27C992991513CD0A00134440 /* Products */,
			);
			sourceTree = "<group>";
		};
		27C992991513CD0A00134440 /* Products */ = {
			isa = PBXGroup;
			children = (
				27C992981513CD0A00134440 /* GuardXcodeTest */,
			);
			name = Products;
			sourceTree = "<group>";
		};
		27C9929B1513CD0A00134440 /* Frameworks */ = {
			isa = PBXGroup;
			children = (
				27C9929C1513CD0A00134440 /* Foundation.framework */,
			);
			name = Frameworks;
			sourceTree = "<group>";
		};
		27C9929E1513CD0A00134440 /* GuardXcodeTest */ = {
			isa = PBXGroup;
			children = (
				27C9929F1513CD0A00134440 /* main.m */,
				27C992A31513CD0A00134440 /* GuardXcodeTest.1 */,
				27C992A11513CD0A00134440 /* Supporting Files */,
			);
			path = GuardXcodeTest;
			sourceTree = "<group>";
		};
		27C992A11513CD0A00134440 /* Supporting Files */ = {
			isa = PBXGroup;
			children = (
				27C992A21513CD0A00134440 /* GuardXcodeTest-Prefix.pch */,
			);
			name = "Supporting Files";
			sourceTree = "<group>";
		};
/* End PBXGroup section */

/* Begin PBXNativeTarget section */
		27C992971513CD0A00134440 /* GuardXcodeTest */ = {
			isa = PBXNativeTarget;
			buildConfigurationList = 27C992A71513CD0A00134440 /* Build configuration list for PBXNativeTarget "GuardXcodeTest" */;
			buildPhases = (
				27C992941513CD0A00134440 /* Sources */,
				27C992951513CD0A00134440 /* Frameworks */,
				27C992961513CD0A00134440 /* CopyFiles */,
			);
			buildRules = (
			);
			dependencies = (
			);
			name = GuardXcodeTest;
			productName = GuardXcodeTest;
			productReference = 27C992981513CD0A00134440 /* GuardXcodeTest */;
			productType = "com.apple.product-type.tool";
		};
/* End PBXNativeTarget section */

/* Begin PBXProject section */
		27C9928F1513CD0A00134440 /* Project object */ = {
			isa = PBXProject;
			attributes = {
				LastUpgradeCheck = 0440;
			};
			buildConfigurationList = 27C992921513CD0A00134440 /* Build configuration list for PBXProject "GuardXcodeTest" */;
			compatibilityVersion = "Xcode 3.2";
			developmentRegion = English;
			hasScannedForEncodings = 0;
			knownRegions = (
				en,
			);
			mainGroup = 27C9928D1513CD0A00134440;
			productRefGroup = 27C992991513CD0A00134440 /* Products */;
			projectDirPath = "";
			projectRoot = "";
			targets = (
				27C992971513CD0A00134440 /* GuardXcodeTest */,
			);
		};
/* End PBXProject section */

/* Begin PBXSourcesBuildPhase section */
		27C992941513CD0A00134440 /* Sources */ = {
			isa = PBXSourcesBuildPhase;
			buildActionMask = 2147483647;
			files = (
				27C992A01513CD0A00134440 /* main.m in Sources */,
			);
			runOnlyForDeploymentPostprocessing = 0;
		};
/* End PBXSourcesBuildPhase section */

/* Begin XCBuildConfiguration section */
		27C992A51513CD0A00134440 /* Debug */ = {
			isa = XCBuildConfiguration;
			buildSettings = {
				ALWAYS_SEARCH_USER_PATHS = NO;
				ARCHS = "$(ARCHS_STANDARD_64_BIT)";
				CLANG_ENABLE_OBJC_ARC = YES;
				COPY_PHASE_STRIP = NO;
				GCC_C_LANGUAGE_STANDARD = gnu99;
				GCC_DYNAMIC_NO_PIC = NO;
				GCC_ENABLE_OBJC_EXCEPTIONS = YES;
				GCC_OPTIMIZATION_LEVEL = 0;
				GCC_PREPROCESSOR_DEFINITIONS = (
					"DEBUG=1",
					"$(inherited)",
				);
				GCC_SYMBOLS_PRIVATE_EXTERN = NO;
				GCC_VERSION = com.apple.compilers.llvm.clang.1_0;
				GCC_WARN_64_TO_32_BIT_CONVERSION = YES;
				GCC_WARN_ABOUT_RETURN_TYPE = YES;
				GCC_WARN_UNINITIALIZED_AUTOS = YES;
				GCC_WARN_UNUSED_VARIABLE = YES;
				MACOSX_DEPLOYMENT_TARGET = 10.8;
				ONLY_ACTIVE_ARCH = YES;
				SDKROOT = macosx;
			};
			name = Debug;
		};
		27C992A61513CD0A00134440 /* Release */ = {
			isa = XCBuildConfiguration;
			buildSettings = {
				ALWAYS_SEARCH_USER_PATHS = NO;
				ARCHS = "$(ARCHS_STANDARD_64_BIT)";
				CLANG_ENABLE_OBJC_ARC = YES;
				COPY_PHASE_STRIP = YES;
				DEBUG_INFORMATION_FORMAT = "dwarf-with-dsym";
				GCC_C_LANGUAGE_STANDARD = gnu99;
				GCC_ENABLE_OBJC_EXCEPTIONS = YES;
				GCC_VERSION = com.apple.compilers.llvm.clang.1_0;
				GCC_WARN_64_TO_32_BIT_CONVERSION = YES;
				GCC_WARN_ABOUT_RETURN_TYPE = YES;
				GCC_WARN_UNINITIALIZED_AUTOS = YES;
				GCC_WARN_UNUSED_VARIABLE = YES;
				MACOSX_DEPLOYMENT_TARGET = 10.8;
				SDKROOT = macosx;
			};
			name = Release;
		};
		27C992A81513CD0A00134440 /* Debug */ = {
			isa = XCBuildConfiguration;
			buildSettings = {
				ARCHS = "$(ARCHS_STANDARD_64_BIT)";
				GCC_PRECOMPILE_PREFIX_HEADER = YES;
				GCC_PREFIX_HEADER = "GuardXcodeTest/GuardXcodeTest-Prefix.pch";
				PRODUCT_NAME = "$(TARGET_NAME)";
			};
			name = Debug;
		};
		27C992A91513CD0A00134440 /* Release */ = {
			isa = XCBuildConfiguration;
			buildSettings = {
				ARCHS = "$(ARCHS_STANDARD_64_BIT)";
				GCC_PRECOMPILE_PREFIX_HEADER = YES;
				GCC_PREFIX_HEADER = "GuardXcodeTest/GuardXcodeTest-Prefix.pch";
				PRODUCT_NAME = "$(TARGET_NAME)";
			};
			name = Release;
		};
/* End XCBuildConfiguration section */

/* Begin XCConfigurationList section */
		27C992921513CD0A00134440 /* Build configuration list for PBXProject "GuardXcodeTest" */ = {
			isa = XCConfigurationList;
			buildConfigurations = (
				27C992A51513CD0A00134440 /* Debug */,
				27C992A61513CD0A00134440 /* Release */,
			);
			defaultConfigurationIsVisible = 0;
			defaultConfigurationName = Release;
		};
		27C992A71513CD0A00134440 /* Build configuration list for PBXNativeTarget "GuardXcodeTest" */ = {
			isa = XCConfigurationList;
			buildConfigurations = (
				27C992A81513CD0A00134440 /* Debug */,
				27C992A91513CD0A00134440 /* Release */,
			);
			defaultConfigurationIsVisible = 0;
		};
/* End XCConfigurationList section */
	};
	rootObject = 27C9928F1513CD0A00134440 /* Project object */;
}
